// !$*UTF8*$!
{
	archiveVersion = 1;
	classes = {
	};
	objectVersion = 56;
	objects = {

/* Begin PBXBuildFile section */
		2EF1F8E42C595EF400B43235 /* Nexus_challenge3_App.swift in Sources */ = {isa = PBXBuildFile; fileRef = 2EF1F8E32C595EF400B43235 /* Nexus_challenge3_App.swift */; };
		2EF1F8E62C595EF400B43235 /* ContentView.swift in Sources */ = {isa = PBXBuildFile; fileRef = 2EF1F8E52C595EF400B43235 /* ContentView.swift */; };
		2EF1F8E82C595EF500B43235 /* Assets.xcassets in Resources */ = {isa = PBXBuildFile; fileRef = 2EF1F8E72C595EF500B43235 /* Assets.xcassets */; };
		2EF1F8EB2C595EF500B43235 /* Preview Assets.xcassets in Resources */ = {isa = PBXBuildFile; fileRef = 2EF1F8EA2C595EF500B43235 /* Preview Assets.xcassets */; };
		2EF1F8F52C595EF600B43235 /* Nexus_challenge3_Tests.swift in Sources */ = {isa = PBXBuildFile; fileRef = 2EF1F8F42C595EF600B43235 /* Nexus_challenge3_Tests.swift */; };
		2EF1F8FF2C595EF600B43235 /* Nexus_challenge3_UITests.swift in Sources */ = {isa = PBXBuildFile; fileRef = 2EF1F8FE2C595EF600B43235 /* Nexus_challenge3_UITests.swift */; };
		2EF1F9012C595EF600B43235 /* Nexus_challenge3_UITestsLaunchTests.swift in Sources */ = {isa = PBXBuildFile; fileRef = 2EF1F9002C595EF600B43235 /* Nexus_challenge3_UITestsLaunchTests.swift */; };
		2EF1F90E2C5988E300B43235 /* GoogleService-Info.plist in Resources */ = {isa = PBXBuildFile; fileRef = 2EF1F90D2C5988E300B43235 /* GoogleService-Info.plist */; };
		2EF1F9122C598A5A00B43235 /* FirebaseAnalytics in Frameworks */ = {isa = PBXBuildFile; productRef = 2EF1F9112C598A5A00B43235 /* FirebaseAnalytics */; };
		2EF1F9142C598A5A00B43235 /* FirebaseAuth in Frameworks */ = {isa = PBXBuildFile; productRef = 2EF1F9132C598A5A00B43235 /* FirebaseAuth */; };
		2EF1F9172C5ABFCC00B43235 /* FirebaseAnalyticsSwift in Frameworks */ = {isa = PBXBuildFile; productRef = 2EF1F9162C5ABFCC00B43235 /* FirebaseAnalyticsSwift */; };
		2EF1F91B2C5AD75000B43235 /* AuthenticationView.swift in Sources */ = {isa = PBXBuildFile; fileRef = 2EF1F91A2C5AD75000B43235 /* AuthenticationView.swift */; };
		2EF1F91D2C5C227500B43235 /* SignInEmailView.swift in Sources */ = {isa = PBXBuildFile; fileRef = 2EF1F91C2C5C227500B43235 /* SignInEmailView.swift */; };
		2EF1F91F2C5D5BED00B43235 /* GoogleService-Info.plist in Resources */ = {isa = PBXBuildFile; fileRef = 2EF1F91E2C5D5BED00B43235 /* GoogleService-Info.plist */; };
		F95C14332C59811D00B40321 /* Profile.swift in Sources */ = {isa = PBXBuildFile; fileRef = F95C14322C59811D00B40321 /* Profile.swift */; };
		F95C14352C59813900B40321 /* AuthenticationManager.swift in Sources */ = {isa = PBXBuildFile; fileRef = F95C14342C59813900B40321 /* AuthenticationManager.swift */; };
		F95C14372C5AD69F00B40321 /* FirebaseFirestore in Frameworks */ = {isa = PBXBuildFile; productRef = F95C14362C5AD69F00B40321 /* FirebaseFirestore */; };
		F95C14392C5AD69F00B40321 /* FirebaseFirestoreSwift in Frameworks */ = {isa = PBXBuildFile; productRef = F95C14382C5AD69F00B40321 /* FirebaseFirestoreSwift */; };
		F9EAF97A2C5D537D00E59459 /* CodableExtensions in Frameworks */ = {isa = PBXBuildFile; productRef = F9EAF9792C5D537D00E59459 /* CodableExtensions */; };
		F9EAF97C2C5D547900E59459 /* DAO.swift in Sources */ = {isa = PBXBuildFile; fileRef = F9EAF97B2C5D547900E59459 /* DAO.swift */; };
/* End PBXBuildFile section */

/* Begin PBXContainerItemProxy section */
		2EF1F8F12C595EF600B43235 /* PBXContainerItemProxy */ = {
			isa = PBXContainerItemProxy;
			containerPortal = 2EF1F8D82C595EF400B43235 /* Project object */;
			proxyType = 1;
			remoteGlobalIDString = 2EF1F8DF2C595EF400B43235;
			remoteInfo = "Nexus(challenge3)";
		};
		2EF1F8FB2C595EF600B43235 /* PBXContainerItemProxy */ = {
			isa = PBXContainerItemProxy;
			containerPortal = 2EF1F8D82C595EF400B43235 /* Project object */;
			proxyType = 1;
			remoteGlobalIDString = 2EF1F8DF2C595EF400B43235;
			remoteInfo = "Nexus(challenge3)";
		};
/* End PBXContainerItemProxy section */

/* Begin PBXFileReference section */
		2EF1F8E02C595EF400B43235 /* Nexus(challenge3).app */ = {isa = PBXFileReference; explicitFileType = wrapper.application; includeInIndex = 0; path = "Nexus(challenge3).app"; sourceTree = BUILT_PRODUCTS_DIR; };
		2EF1F8E32C595EF400B43235 /* Nexus_challenge3_App.swift */ = {isa = PBXFileReference; lastKnownFileType = sourcecode.swift; path = Nexus_challenge3_App.swift; sourceTree = "<group>"; };
		2EF1F8E52C595EF400B43235 /* ContentView.swift */ = {isa = PBXFileReference; lastKnownFileType = sourcecode.swift; path = ContentView.swift; sourceTree = "<group>"; };
		2EF1F8E72C595EF500B43235 /* Assets.xcassets */ = {isa = PBXFileReference; lastKnownFileType = folder.assetcatalog; path = Assets.xcassets; sourceTree = "<group>"; };
		2EF1F8EA2C595EF500B43235 /* Preview Assets.xcassets */ = {isa = PBXFileReference; lastKnownFileType = folder.assetcatalog; path = "Preview Assets.xcassets"; sourceTree = "<group>"; };
		2EF1F8F02C595EF600B43235 /* Nexus(challenge3)Tests.xctest */ = {isa = PBXFileReference; explicitFileType = wrapper.cfbundle; includeInIndex = 0; path = "Nexus(challenge3)Tests.xctest"; sourceTree = BUILT_PRODUCTS_DIR; };
		2EF1F8F42C595EF600B43235 /* Nexus_challenge3_Tests.swift */ = {isa = PBXFileReference; lastKnownFileType = sourcecode.swift; path = Nexus_challenge3_Tests.swift; sourceTree = "<group>"; };
		2EF1F8FA2C595EF600B43235 /* Nexus(challenge3)UITests.xctest */ = {isa = PBXFileReference; explicitFileType = wrapper.cfbundle; includeInIndex = 0; path = "Nexus(challenge3)UITests.xctest"; sourceTree = BUILT_PRODUCTS_DIR; };
		2EF1F8FE2C595EF600B43235 /* Nexus_challenge3_UITests.swift */ = {isa = PBXFileReference; lastKnownFileType = sourcecode.swift; path = Nexus_challenge3_UITests.swift; sourceTree = "<group>"; };
		2EF1F9002C595EF600B43235 /* Nexus_challenge3_UITestsLaunchTests.swift */ = {isa = PBXFileReference; lastKnownFileType = sourcecode.swift; path = Nexus_challenge3_UITestsLaunchTests.swift; sourceTree = "<group>"; };
		2EF1F90D2C5988E300B43235 /* GoogleService-Info.plist */ = {isa = PBXFileReference; fileEncoding = 4; lastKnownFileType = text.plist.xml; name = "GoogleService-Info.plist"; path = "../../../../../../Downloads/GoogleService-Info.plist"; sourceTree = "<group>"; };
		2EF1F91A2C5AD75000B43235 /* AuthenticationView.swift */ = {isa = PBXFileReference; lastKnownFileType = sourcecode.swift; path = AuthenticationView.swift; sourceTree = "<group>"; };
		2EF1F91C2C5C227500B43235 /* SignInEmailView.swift */ = {isa = PBXFileReference; lastKnownFileType = sourcecode.swift; path = SignInEmailView.swift; sourceTree = "<group>"; };
		2EF1F91E2C5D5BED00B43235 /* GoogleService-Info.plist */ = {isa = PBXFileReference; fileEncoding = 4; lastKnownFileType = text.plist.xml; path = "GoogleService-Info.plist"; sourceTree = "<group>"; };
		F95C14322C59811D00B40321 /* Profile.swift */ = {isa = PBXFileReference; lastKnownFileType = sourcecode.swift; path = Profile.swift; sourceTree = "<group>"; };
		F95C14342C59813900B40321 /* AuthenticationManager.swift */ = {isa = PBXFileReference; lastKnownFileType = sourcecode.swift; path = AuthenticationManager.swift; sourceTree = "<group>"; };
		F9EAF97B2C5D547900E59459 /* DAO.swift */ = {isa = PBXFileReference; lastKnownFileType = sourcecode.swift; path = DAO.swift; sourceTree = "<group>"; };
/* End PBXFileReference section */

/* Begin PBXFrameworksBuildPhase section */
		2EF1F8DD2C595EF400B43235 /* Frameworks */ = {
			isa = PBXFrameworksBuildPhase;
			buildActionMask = 2147483647;
			files = (
				F95C14392C5AD69F00B40321 /* FirebaseFirestoreSwift in Frameworks */,
				2EF1F9172C5ABFCC00B43235 /* FirebaseAnalyticsSwift in Frameworks */,
				F95C14372C5AD69F00B40321 /* FirebaseFirestore in Frameworks */,
				F9EAF97A2C5D537D00E59459 /* CodableExtensions in Frameworks */,
				2EF1F9122C598A5A00B43235 /* FirebaseAnalytics in Frameworks */,
				2EF1F9142C598A5A00B43235 /* FirebaseAuth in Frameworks */,
			);
			runOnlyForDeploymentPostprocessing = 0;
		};
		2EF1F8ED2C595EF600B43235 /* Frameworks */ = {
			isa = PBXFrameworksBuildPhase;
			buildActionMask = 2147483647;
			files = (
			);
			runOnlyForDeploymentPostprocessing = 0;
		};
		2EF1F8F72C595EF600B43235 /* Frameworks */ = {
			isa = PBXFrameworksBuildPhase;
			buildActionMask = 2147483647;
			files = (
			);
			runOnlyForDeploymentPostprocessing = 0;
		};
/* End PBXFrameworksBuildPhase section */

/* Begin PBXGroup section */
		2EF1F8D72C595EF400B43235 = {
			isa = PBXGroup;
			children = (
				2EF1F8E22C595EF400B43235 /* Nexus(challenge3) */,
				2EF1F8FD2C595EF600B43235 /* Nexus(challenge3)UITests */,
				2EF1F8E12C595EF400B43235 /* Products */,
				2EF1F9152C5ABBBE00B43235 /* Frameworks */,
			);
			sourceTree = "<group>";
		};
		2EF1F8E12C595EF400B43235 /* Products */ = {
			isa = PBXGroup;
			children = (
				2EF1F8E02C595EF400B43235 /* Nexus(challenge3).app */,
				2EF1F8F02C595EF600B43235 /* Nexus(challenge3)Tests.xctest */,
				2EF1F8FA2C595EF600B43235 /* Nexus(challenge3)UITests.xctest */,
			);
			name = Products;
			sourceTree = "<group>";
		};
		2EF1F8E22C595EF400B43235 /* Nexus(challenge3) */ = {
			isa = PBXGroup;
			children = (
				2EF1F91E2C5D5BED00B43235 /* GoogleService-Info.plist */,
				F95C14312C59649200B40321 /* Controller */,
				F95C142F2C59648500B40321 /* Model */,
				F95C14302C59648B00B40321 /* View */,
				2EF1F8E32C595EF400B43235 /* Nexus_challenge3_App.swift */,
				2EF1F8E72C595EF500B43235 /* Assets.xcassets */,
				2EF1F8F32C595EF600B43235 /* Nexus(challenge3)Tests */,
				2EF1F8E92C595EF500B43235 /* Preview Content */,
			);
			path = "Nexus(challenge3)";
			sourceTree = "<group>";
		};
		2EF1F8E92C595EF500B43235 /* Preview Content */ = {
			isa = PBXGroup;
			children = (
				2EF1F90D2C5988E300B43235 /* GoogleService-Info.plist */,
				2EF1F8EA2C595EF500B43235 /* Preview Assets.xcassets */,
			);
			path = "Preview Content";
			sourceTree = "<group>";
		};
		2EF1F8F32C595EF600B43235 /* Nexus(challenge3)Tests */ = {
			isa = PBXGroup;
			children = (
				2EF1F8F42C595EF600B43235 /* Nexus_challenge3_Tests.swift */,
			);
			path = "Nexus(challenge3)Tests";
			sourceTree = "<group>";
		};
		2EF1F8FD2C595EF600B43235 /* Nexus(challenge3)UITests */ = {
			isa = PBXGroup;
			children = (
				2EF1F8FE2C595EF600B43235 /* Nexus_challenge3_UITests.swift */,
				2EF1F9002C595EF600B43235 /* Nexus_challenge3_UITestsLaunchTests.swift */,
			);
			path = "Nexus(challenge3)UITests";
			sourceTree = "<group>";
		};
		2EF1F9152C5ABBBE00B43235 /* Frameworks */ = {
			isa = PBXGroup;
			children = (
			);
			name = Frameworks;
			sourceTree = "<group>";
		};
		F95C142F2C59648500B40321 /* Model */ = {
			isa = PBXGroup;
			children = (
				F95C14322C59811D00B40321 /* Profile.swift */,
			);
			path = Model;
			sourceTree = "<group>";
		};
		F95C14302C59648B00B40321 /* View */ = {
			isa = PBXGroup;
			children = (
				2EF1F8E52C595EF400B43235 /* ContentView.swift */,
				2EF1F91A2C5AD75000B43235 /* AuthenticationView.swift */,
				2EF1F91C2C5C227500B43235 /* SignInEmailView.swift */,
			);
			path = View;
			sourceTree = "<group>";
		};
		F95C14312C59649200B40321 /* Controller */ = {
			isa = PBXGroup;
			children = (
				F95C14342C59813900B40321 /* AuthenticationManager.swift */,
				F9EAF97B2C5D547900E59459 /* DAO.swift */,
			);
			path = Controller;
			sourceTree = "<group>";
		};
/* End PBXGroup section */

/* Begin PBXNativeTarget section */
		2EF1F8DF2C595EF400B43235 /* Nexus(challenge3) */ = {
			isa = PBXNativeTarget;
			buildConfigurationList = 2EF1F9042C595EF600B43235 /* Build configuration list for PBXNativeTarget "Nexus(challenge3)" */;
			buildPhases = (
				2EF1F8DC2C595EF400B43235 /* Sources */,
				2EF1F8DD2C595EF400B43235 /* Frameworks */,
				2EF1F8DE2C595EF400B43235 /* Resources */,
			);
			buildRules = (
			);
			dependencies = (
			);
			name = "Nexus(challenge3)";
			packageProductDependencies = (
				2EF1F9112C598A5A00B43235 /* FirebaseAnalytics */,
				2EF1F9132C598A5A00B43235 /* FirebaseAuth */,
				2EF1F9162C5ABFCC00B43235 /* FirebaseAnalyticsSwift */,
				F95C14362C5AD69F00B40321 /* FirebaseFirestore */,
				F95C14382C5AD69F00B40321 /* FirebaseFirestoreSwift */,
				F9EAF9792C5D537D00E59459 /* CodableExtensions */,
			);
			productName = "Nexus(challenge3)";
			productReference = 2EF1F8E02C595EF400B43235 /* Nexus(challenge3).app */;
			productType = "com.apple.product-type.application";
		};
		2EF1F8EF2C595EF600B43235 /* Nexus(challenge3)Tests */ = {
			isa = PBXNativeTarget;
			buildConfigurationList = 2EF1F9072C595EF600B43235 /* Build configuration list for PBXNativeTarget "Nexus(challenge3)Tests" */;
			buildPhases = (
				2EF1F8EC2C595EF600B43235 /* Sources */,
				2EF1F8ED2C595EF600B43235 /* Frameworks */,
				2EF1F8EE2C595EF600B43235 /* Resources */,
			);
			buildRules = (
			);
			dependencies = (
				2EF1F8F22C595EF600B43235 /* PBXTargetDependency */,
			);
			name = "Nexus(challenge3)Tests";
			productName = "Nexus(challenge3)Tests";
			productReference = 2EF1F8F02C595EF600B43235 /* Nexus(challenge3)Tests.xctest */;
			productType = "com.apple.product-type.bundle.unit-test";
		};
		2EF1F8F92C595EF600B43235 /* Nexus(challenge3)UITests */ = {
			isa = PBXNativeTarget;
			buildConfigurationList = 2EF1F90A2C595EF600B43235 /* Build configuration list for PBXNativeTarget "Nexus(challenge3)UITests" */;
			buildPhases = (
				2EF1F8F62C595EF600B43235 /* Sources */,
				2EF1F8F72C595EF600B43235 /* Frameworks */,
				2EF1F8F82C595EF600B43235 /* Resources */,
			);
			buildRules = (
			);
			dependencies = (
				2EF1F8FC2C595EF600B43235 /* PBXTargetDependency */,
			);
			name = "Nexus(challenge3)UITests";
			productName = "Nexus(challenge3)UITests";
			productReference = 2EF1F8FA2C595EF600B43235 /* Nexus(challenge3)UITests.xctest */;
			productType = "com.apple.product-type.bundle.ui-testing";
		};
/* End PBXNativeTarget section */

/* Begin PBXProject section */
		2EF1F8D82C595EF400B43235 /* Project object */ = {
			isa = PBXProject;
			attributes = {
				BuildIndependentTargetsInParallel = 1;
				LastSwiftUpdateCheck = 1540;
				LastUpgradeCheck = 1540;
				TargetAttributes = {
					2EF1F8DF2C595EF400B43235 = {
						CreatedOnToolsVersion = 15.4;
					};
					2EF1F8EF2C595EF600B43235 = {
						CreatedOnToolsVersion = 15.4;
						TestTargetID = 2EF1F8DF2C595EF400B43235;
					};
					2EF1F8F92C595EF600B43235 = {
						CreatedOnToolsVersion = 15.4;
						TestTargetID = 2EF1F8DF2C595EF400B43235;
					};
				};
			};
			buildConfigurationList = 2EF1F8DB2C595EF400B43235 /* Build configuration list for PBXProject "Nexus(challenge3)" */;
			compatibilityVersion = "Xcode 14.0";
			developmentRegion = en;
			hasScannedForEncodings = 0;
			knownRegions = (
				en,
				Base,
			);
			mainGroup = 2EF1F8D72C595EF400B43235;
			packageReferences = (
				2EF1F9102C598A5A00B43235 /* XCRemoteSwiftPackageReference "firebase-ios-sdk" */,
				F9EAF9782C5D537D00E59459 /* XCRemoteSwiftPackageReference "CodableExtensions" */,
			);
			productRefGroup = 2EF1F8E12C595EF400B43235 /* Products */;
			projectDirPath = "";
			projectRoot = "";
			targets = (
				2EF1F8DF2C595EF400B43235 /* Nexus(challenge3) */,
				2EF1F8EF2C595EF600B43235 /* Nexus(challenge3)Tests */,
				2EF1F8F92C595EF600B43235 /* Nexus(challenge3)UITests */,
			);
		};
/* End PBXProject section */

/* Begin PBXResourcesBuildPhase section */
		2EF1F8DE2C595EF400B43235 /* Resources */ = {
			isa = PBXResourcesBuildPhase;
			buildActionMask = 2147483647;
			files = (
				2EF1F8EB2C595EF500B43235 /* Preview Assets.xcassets in Resources */,
				2EF1F91F2C5D5BED00B43235 /* GoogleService-Info.plist in Resources */,
				2EF1F8E82C595EF500B43235 /* Assets.xcassets in Resources */,
				2EF1F90E2C5988E300B43235 /* GoogleService-Info.plist in Resources */,
			);
			runOnlyForDeploymentPostprocessing = 0;
		};
		2EF1F8EE2C595EF600B43235 /* Resources */ = {
			isa = PBXResourcesBuildPhase;
			buildActionMask = 2147483647;
			files = (
			);
			runOnlyForDeploymentPostprocessing = 0;
		};
		2EF1F8F82C595EF600B43235 /* Resources */ = {
			isa = PBXResourcesBuildPhase;
			buildActionMask = 2147483647;
			files = (
			);
			runOnlyForDeploymentPostprocessing = 0;
		};
/* End PBXResourcesBuildPhase section */

/* Begin PBXSourcesBuildPhase section */
		2EF1F8DC2C595EF400B43235 /* Sources */ = {
			isa = PBXSourcesBuildPhase;
			buildActionMask = 2147483647;
			files = (
				F9EAF97C2C5D547900E59459 /* DAO.swift in Sources */,
				2EF1F8E62C595EF400B43235 /* ContentView.swift in Sources */,
				2EF1F91D2C5C227500B43235 /* SignInEmailView.swift in Sources */,
				F95C14352C59813900B40321 /* AuthenticationManager.swift in Sources */,
				F95C14332C59811D00B40321 /* Profile.swift in Sources */,
				2EF1F8E42C595EF400B43235 /* Nexus_challenge3_App.swift in Sources */,
				2EF1F91B2C5AD75000B43235 /* AuthenticationView.swift in Sources */,
			);
			runOnlyForDeploymentPostprocessing = 0;
		};
		2EF1F8EC2C595EF600B43235 /* Sources */ = {
			isa = PBXSourcesBuildPhase;
			buildActionMask = 2147483647;
			files = (
				2EF1F8F52C595EF600B43235 /* Nexus_challenge3_Tests.swift in Sources */,
			);
			runOnlyForDeploymentPostprocessing = 0;
		};
		2EF1F8F62C595EF600B43235 /* Sources */ = {
			isa = PBXSourcesBuildPhase;
			buildActionMask = 2147483647;
			files = (
				2EF1F9012C595EF600B43235 /* Nexus_challenge3_UITestsLaunchTests.swift in Sources */,
				2EF1F8FF2C595EF600B43235 /* Nexus_challenge3_UITests.swift in Sources */,
			);
			runOnlyForDeploymentPostprocessing = 0;
		};
/* End PBXSourcesBuildPhase section */

/* Begin PBXTargetDependency section */
		2EF1F8F22C595EF600B43235 /* PBXTargetDependency */ = {
			isa = PBXTargetDependency;
			target = 2EF1F8DF2C595EF400B43235 /* Nexus(challenge3) */;
			targetProxy = 2EF1F8F12C595EF600B43235 /* PBXContainerItemProxy */;
		};
		2EF1F8FC2C595EF600B43235 /* PBXTargetDependency */ = {
			isa = PBXTargetDependency;
			target = 2EF1F8DF2C595EF400B43235 /* Nexus(challenge3) */;
			targetProxy = 2EF1F8FB2C595EF600B43235 /* PBXContainerItemProxy */;
		};
/* End PBXTargetDependency section */

/* Begin XCBuildConfiguration section */
		2EF1F9022C595EF600B43235 /* Debug */ = {
			isa = XCBuildConfiguration;
			buildSettings = {
				ALWAYS_SEARCH_USER_PATHS = NO;
				ASSETCATALOG_COMPILER_GENERATE_SWIFT_ASSET_SYMBOL_EXTENSIONS = YES;
				CLANG_ANALYZER_NONNULL = YES;
				CLANG_ANALYZER_NUMBER_OBJECT_CONVERSION = YES_AGGRESSIVE;
				CLANG_CXX_LANGUAGE_STANDARD = "gnu++20";
				CLANG_ENABLE_MODULES = YES;
				CLANG_ENABLE_OBJC_ARC = YES;
				CLANG_ENABLE_OBJC_WEAK = YES;
				CLANG_WARN_BLOCK_CAPTURE_AUTORELEASING = YES;
				CLANG_WARN_BOOL_CONVERSION = YES;
				CLANG_WARN_COMMA = YES;
				CLANG_WARN_CONSTANT_CONVERSION = YES;
				CLANG_WARN_DEPRECATED_OBJC_IMPLEMENTATIONS = YES;
				CLANG_WARN_DIRECT_OBJC_ISA_USAGE = YES_ERROR;
				CLANG_WARN_DOCUMENTATION_COMMENTS = YES;
				CLANG_WARN_EMPTY_BODY = YES;
				CLANG_WARN_ENUM_CONVERSION = YES;
				CLANG_WARN_INFINITE_RECURSION = YES;
				CLANG_WARN_INT_CONVERSION = YES;
				CLANG_WARN_NON_LITERAL_NULL_CONVERSION = YES;
				CLANG_WARN_OBJC_IMPLICIT_RETAIN_SELF = YES;
				CLANG_WARN_OBJC_LITERAL_CONVERSION = YES;
				CLANG_WARN_OBJC_ROOT_CLASS = YES_ERROR;
				CLANG_WARN_QUOTED_INCLUDE_IN_FRAMEWORK_HEADER = YES;
				CLANG_WARN_RANGE_LOOP_ANALYSIS = YES;
				CLANG_WARN_STRICT_PROTOTYPES = YES;
				CLANG_WARN_SUSPICIOUS_MOVE = YES;
				CLANG_WARN_UNGUARDED_AVAILABILITY = YES_AGGRESSIVE;
				CLANG_WARN_UNREACHABLE_CODE = YES;
				CLANG_WARN__DUPLICATE_METHOD_MATCH = YES;
				COPY_PHASE_STRIP = NO;
				DEBUG_INFORMATION_FORMAT = dwarf;
				ENABLE_STRICT_OBJC_MSGSEND = YES;
				ENABLE_TESTABILITY = YES;
				ENABLE_USER_SCRIPT_SANDBOXING = YES;
				GCC_C_LANGUAGE_STANDARD = gnu17;
				GCC_DYNAMIC_NO_PIC = NO;
				GCC_NO_COMMON_BLOCKS = YES;
				GCC_OPTIMIZATION_LEVEL = 0;
				GCC_PREPROCESSOR_DEFINITIONS = (
					"DEBUG=1",
					"$(inherited)",
				);
				GCC_WARN_64_TO_32_BIT_CONVERSION = YES;
				GCC_WARN_ABOUT_RETURN_TYPE = YES_ERROR;
				GCC_WARN_UNDECLARED_SELECTOR = YES;
				GCC_WARN_UNINITIALIZED_AUTOS = YES_AGGRESSIVE;
				GCC_WARN_UNUSED_FUNCTION = YES;
				GCC_WARN_UNUSED_VARIABLE = YES;
				IPHONEOS_DEPLOYMENT_TARGET = 17.5;
				LOCALIZATION_PREFERS_STRING_CATALOGS = YES;
				MTL_ENABLE_DEBUG_INFO = INCLUDE_SOURCE;
				MTL_FAST_MATH = YES;
				ONLY_ACTIVE_ARCH = YES;
				SDKROOT = iphoneos;
				SWIFT_ACTIVE_COMPILATION_CONDITIONS = "DEBUG $(inherited)";
				SWIFT_OPTIMIZATION_LEVEL = "-Onone";
			};
			name = Debug;
		};
		2EF1F9032C595EF600B43235 /* Release */ = {
			isa = XCBuildConfiguration;
			buildSettings = {
				ALWAYS_SEARCH_USER_PATHS = NO;
				ASSETCATALOG_COMPILER_GENERATE_SWIFT_ASSET_SYMBOL_EXTENSIONS = YES;
				CLANG_ANALYZER_NONNULL = YES;
				CLANG_ANALYZER_NUMBER_OBJECT_CONVERSION = YES_AGGRESSIVE;
				CLANG_CXX_LANGUAGE_STANDARD = "gnu++20";
				CLANG_ENABLE_MODULES = YES;
				CLANG_ENABLE_OBJC_ARC = YES;
				CLANG_ENABLE_OBJC_WEAK = YES;
				CLANG_WARN_BLOCK_CAPTURE_AUTORELEASING = YES;
				CLANG_WARN_BOOL_CONVERSION = YES;
				CLANG_WARN_COMMA = YES;
				CLANG_WARN_CONSTANT_CONVERSION = YES;
				CLANG_WARN_DEPRECATED_OBJC_IMPLEMENTATIONS = YES;
				CLANG_WARN_DIRECT_OBJC_ISA_USAGE = YES_ERROR;
				CLANG_WARN_DOCUMENTATION_COMMENTS = YES;
				CLANG_WARN_EMPTY_BODY = YES;
				CLANG_WARN_ENUM_CONVERSION = YES;
				CLANG_WARN_INFINITE_RECURSION = YES;
				CLANG_WARN_INT_CONVERSION = YES;
				CLANG_WARN_NON_LITERAL_NULL_CONVERSION = YES;
				CLANG_WARN_OBJC_IMPLICIT_RETAIN_SELF = YES;
				CLANG_WARN_OBJC_LITERAL_CONVERSION = YES;
				CLANG_WARN_OBJC_ROOT_CLASS = YES_ERROR;
				CLANG_WARN_QUOTED_INCLUDE_IN_FRAMEWORK_HEADER = YES;
				CLANG_WARN_RANGE_LOOP_ANALYSIS = YES;
				CLANG_WARN_STRICT_PROTOTYPES = YES;
				CLANG_WARN_SUSPICIOUS_MOVE = YES;
				CLANG_WARN_UNGUARDED_AVAILABILITY = YES_AGGRESSIVE;
				CLANG_WARN_UNREACHABLE_CODE = YES;
				CLANG_WARN__DUPLICATE_METHOD_MATCH = YES;
				COPY_PHASE_STRIP = NO;
				DEBUG_INFORMATION_FORMAT = "dwarf-with-dsym";
				ENABLE_NS_ASSERTIONS = NO;
				ENABLE_STRICT_OBJC_MSGSEND = YES;
				ENABLE_USER_SCRIPT_SANDBOXING = YES;
				GCC_C_LANGUAGE_STANDARD = gnu17;
				GCC_NO_COMMON_BLOCKS = YES;
				GCC_WARN_64_TO_32_BIT_CONVERSION = YES;
				GCC_WARN_ABOUT_RETURN_TYPE = YES_ERROR;
				GCC_WARN_UNDECLARED_SELECTOR = YES;
				GCC_WARN_UNINITIALIZED_AUTOS = YES_AGGRESSIVE;
				GCC_WARN_UNUSED_FUNCTION = YES;
				GCC_WARN_UNUSED_VARIABLE = YES;
				IPHONEOS_DEPLOYMENT_TARGET = 17.5;
				LOCALIZATION_PREFERS_STRING_CATALOGS = YES;
				MTL_ENABLE_DEBUG_INFO = NO;
				MTL_FAST_MATH = YES;
				SDKROOT = iphoneos;
				SWIFT_COMPILATION_MODE = wholemodule;
				VALIDATE_PRODUCT = YES;
			};
			name = Release;
		};
		2EF1F9052C595EF600B43235 /* Debug */ = {
			isa = XCBuildConfiguration;
			buildSettings = {
				ASSETCATALOG_COMPILER_APPICON_NAME = AppIcon;
				ASSETCATALOG_COMPILER_GLOBAL_ACCENT_COLOR_NAME = AccentColor;
				CODE_SIGN_STYLE = Automatic;
				CURRENT_PROJECT_VERSION = 1;
				DEVELOPMENT_ASSET_PATHS = "\"Nexus(challenge3)/Preview Content\"";
				DEVELOPMENT_TEAM = 67AYPRFZH8;
				ENABLE_PREVIEWS = YES;
				GENERATE_INFOPLIST_FILE = YES;
				INFOPLIST_KEY_UIApplicationSceneManifest_Generation = YES;
				INFOPLIST_KEY_UIApplicationSupportsIndirectInputEvents = YES;
				INFOPLIST_KEY_UILaunchScreen_Generation = YES;
				INFOPLIST_KEY_UISupportedInterfaceOrientations_iPad = "UIInterfaceOrientationPortrait UIInterfaceOrientationPortraitUpsideDown UIInterfaceOrientationLandscapeLeft UIInterfaceOrientationLandscapeRight";
				INFOPLIST_KEY_UISupportedInterfaceOrientations_iPhone = "UIInterfaceOrientationPortrait UIInterfaceOrientationLandscapeLeft UIInterfaceOrientationLandscapeRight";
				LD_RUNPATH_SEARCH_PATHS = (
					"$(inherited)",
					"@executable_path/Frameworks",
				);
				MARKETING_VERSION = 1.0;
				PRODUCT_BUNDLE_IDENTIFIER = "Nexus-challenge3";
				PRODUCT_NAME = "$(TARGET_NAME)";
				SWIFT_EMIT_LOC_STRINGS = YES;
				SWIFT_VERSION = 5.0;
				TARGETED_DEVICE_FAMILY = "1,2";
			};
			name = Debug;
		};
		2EF1F9062C595EF600B43235 /* Release */ = {
			isa = XCBuildConfiguration;
			buildSettings = {
				ASSETCATALOG_COMPILER_APPICON_NAME = AppIcon;
				ASSETCATALOG_COMPILER_GLOBAL_ACCENT_COLOR_NAME = AccentColor;
				CODE_SIGN_STYLE = Automatic;
				CURRENT_PROJECT_VERSION = 1;
				DEVELOPMENT_ASSET_PATHS = "\"Nexus(challenge3)/Preview Content\"";
				DEVELOPMENT_TEAM = 67AYPRFZH8;
				ENABLE_PREVIEWS = YES;
				GENERATE_INFOPLIST_FILE = YES;
				INFOPLIST_KEY_UIApplicationSceneManifest_Generation = YES;
				INFOPLIST_KEY_UIApplicationSupportsIndirectInputEvents = YES;
				INFOPLIST_KEY_UILaunchScreen_Generation = YES;
				INFOPLIST_KEY_UISupportedInterfaceOrientations_iPad = "UIInterfaceOrientationPortrait UIInterfaceOrientationPortraitUpsideDown UIInterfaceOrientationLandscapeLeft UIInterfaceOrientationLandscapeRight";
				INFOPLIST_KEY_UISupportedInterfaceOrientations_iPhone = "UIInterfaceOrientationPortrait UIInterfaceOrientationLandscapeLeft UIInterfaceOrientationLandscapeRight";
				LD_RUNPATH_SEARCH_PATHS = (
					"$(inherited)",
					"@executable_path/Frameworks",
				);
				MARKETING_VERSION = 1.0;
				PRODUCT_BUNDLE_IDENTIFIER = "Nexus-challenge3";
				PRODUCT_NAME = "$(TARGET_NAME)";
				SWIFT_EMIT_LOC_STRINGS = YES;
				SWIFT_VERSION = 5.0;
				TARGETED_DEVICE_FAMILY = "1,2";
			};
			name = Release;
		};
		2EF1F9082C595EF600B43235 /* Debug */ = {
			isa = XCBuildConfiguration;
			buildSettings = {
				ALWAYS_EMBED_SWIFT_STANDARD_LIBRARIES = YES;
				BUNDLE_LOADER = "$(TEST_HOST)";
				CODE_SIGN_STYLE = Automatic;
				CURRENT_PROJECT_VERSION = 1;
				DEVELOPMENT_TEAM = 67AYPRFZH8;
				GENERATE_INFOPLIST_FILE = YES;
				IPHONEOS_DEPLOYMENT_TARGET = 17.5;
				MARKETING_VERSION = 1.0;
				PRODUCT_BUNDLE_IDENTIFIER = "Kaua--Trindade.Nexus-challenge3-Tests";
				PRODUCT_NAME = "$(TARGET_NAME)";
				SWIFT_EMIT_LOC_STRINGS = NO;
				SWIFT_VERSION = 5.0;
				TARGETED_DEVICE_FAMILY = "1,2";
				TEST_HOST = "$(BUILT_PRODUCTS_DIR)/Nexus(challenge3).app/$(BUNDLE_EXECUTABLE_FOLDER_PATH)/Nexus(challenge3)";
			};
			name = Debug;
		};
		2EF1F9092C595EF600B43235 /* Release */ = {
			isa = XCBuildConfiguration;
			buildSettings = {
				ALWAYS_EMBED_SWIFT_STANDARD_LIBRARIES = YES;
				BUNDLE_LOADER = "$(TEST_HOST)";
				CODE_SIGN_STYLE = Automatic;
				CURRENT_PROJECT_VERSION = 1;
				DEVELOPMENT_TEAM = 67AYPRFZH8;
				GENERATE_INFOPLIST_FILE = YES;
				IPHONEOS_DEPLOYMENT_TARGET = 17.5;
				MARKETING_VERSION = 1.0;
				PRODUCT_BUNDLE_IDENTIFIER = "Kaua--Trindade.Nexus-challenge3-Tests";
				PRODUCT_NAME = "$(TARGET_NAME)";
				SWIFT_EMIT_LOC_STRINGS = NO;
				SWIFT_VERSION = 5.0;
				TARGETED_DEVICE_FAMILY = "1,2";
				TEST_HOST = "$(BUILT_PRODUCTS_DIR)/Nexus(challenge3).app/$(BUNDLE_EXECUTABLE_FOLDER_PATH)/Nexus(challenge3)";
			};
			name = Release;
		};
		2EF1F90B2C595EF600B43235 /* Debug */ = {
			isa = XCBuildConfiguration;
			buildSettings = {
				ALWAYS_EMBED_SWIFT_STANDARD_LIBRARIES = YES;
				CODE_SIGN_STYLE = Automatic;
				CURRENT_PROJECT_VERSION = 1;
				DEVELOPMENT_TEAM = 67AYPRFZH8;
				GENERATE_INFOPLIST_FILE = YES;
				MARKETING_VERSION = 1.0;
				PRODUCT_BUNDLE_IDENTIFIER = "Kaua--Trindade.Nexus-challenge3-UITests";
				PRODUCT_NAME = "$(TARGET_NAME)";
				SWIFT_EMIT_LOC_STRINGS = NO;
				SWIFT_VERSION = 5.0;
				TARGETED_DEVICE_FAMILY = "1,2";
				TEST_TARGET_NAME = "Nexus(challenge3)";
			};
			name = Debug;
		};
		2EF1F90C2C595EF600B43235 /* Release */ = {
			isa = XCBuildConfiguration;
			buildSettings = {
				ALWAYS_EMBED_SWIFT_STANDARD_LIBRARIES = YES;
				CODE_SIGN_STYLE = Automatic;
				CURRENT_PROJECT_VERSION = 1;
				DEVELOPMENT_TEAM = 67AYPRFZH8;
				GENERATE_INFOPLIST_FILE = YES;
				MARKETING_VERSION = 1.0;
				PRODUCT_BUNDLE_IDENTIFIER = "Kaua--Trindade.Nexus-challenge3-UITests";
				PRODUCT_NAME = "$(TARGET_NAME)";
				SWIFT_EMIT_LOC_STRINGS = NO;
				SWIFT_VERSION = 5.0;
				TARGETED_DEVICE_FAMILY = "1,2";
				TEST_TARGET_NAME = "Nexus(challenge3)";
			};
			name = Release;
		};
/* End XCBuildConfiguration section */

/* Begin XCConfigurationList section */
		2EF1F8DB2C595EF400B43235 /* Build configuration list for PBXProject "Nexus(challenge3)" */ = {
			isa = XCConfigurationList;
			buildConfigurations = (
				2EF1F9022C595EF600B43235 /* Debug */,
				2EF1F9032C595EF600B43235 /* Release */,
			);
			defaultConfigurationIsVisible = 0;
			defaultConfigurationName = Release;
		};
		2EF1F9042C595EF600B43235 /* Build configuration list for PBXNativeTarget "Nexus(challenge3)" */ = {
			isa = XCConfigurationList;
			buildConfigurations = (
				2EF1F9052C595EF600B43235 /* Debug */,
				2EF1F9062C595EF600B43235 /* Release */,
			);
			defaultConfigurationIsVisible = 0;
			defaultConfigurationName = Release;
		};
		2EF1F9072C595EF600B43235 /* Build configuration list for PBXNativeTarget "Nexus(challenge3)Tests" */ = {
			isa = XCConfigurationList;
			buildConfigurations = (
				2EF1F9082C595EF600B43235 /* Debug */,
				2EF1F9092C595EF600B43235 /* Release */,
			);
			defaultConfigurationIsVisible = 0;
			defaultConfigurationName = Release;
		};
		2EF1F90A2C595EF600B43235 /* Build configuration list for PBXNativeTarget "Nexus(challenge3)UITests" */ = {
			isa = XCConfigurationList;
			buildConfigurations = (
				2EF1F90B2C595EF600B43235 /* Debug */,
				2EF1F90C2C595EF600B43235 /* Release */,
			);
			defaultConfigurationIsVisible = 0;
			defaultConfigurationName = Release;
		};
/* End XCConfigurationList section */

/* Begin XCRemoteSwiftPackageReference section */
		2EF1F9102C598A5A00B43235 /* XCRemoteSwiftPackageReference "firebase-ios-sdk" */ = {
			isa = XCRemoteSwiftPackageReference;
			repositoryURL = "https://github.com/firebase/firebase-ios-sdk";
			requirement = {
				kind = exactVersion;
				version = 10.4.0;
			};
		};
		F9EAF9782C5D537D00E59459 /* XCRemoteSwiftPackageReference "CodableExtensions" */ = {
			isa = XCRemoteSwiftPackageReference;
			repositoryURL = "https://github.com/rvenieris/CodableExtensions.git";
			requirement = {
				branch = main;
				kind = branch;
			};
		};
/* End XCRemoteSwiftPackageReference section */

/* Begin XCSwiftPackageProductDependency section */
		2EF1F9112C598A5A00B43235 /* FirebaseAnalytics */ = {
			isa = XCSwiftPackageProductDependency;
			package = 2EF1F9102C598A5A00B43235 /* XCRemoteSwiftPackageReference "firebase-ios-sdk" */;
			productName = FirebaseAnalytics;
		};
		2EF1F9132C598A5A00B43235 /* FirebaseAuth */ = {
			isa = XCSwiftPackageProductDependency;
			package = 2EF1F9102C598A5A00B43235 /* XCRemoteSwiftPackageReference "firebase-ios-sdk" */;
			productName = FirebaseAuth;
		};
		2EF1F9162C5ABFCC00B43235 /* FirebaseAnalyticsSwift */ = {
			isa = XCSwiftPackageProductDependency;
			package = 2EF1F9102C598A5A00B43235 /* XCRemoteSwiftPackageReference "firebase-ios-sdk" */;
			productName = FirebaseAnalyticsSwift;
		};
		F95C14362C5AD69F00B40321 /* FirebaseFirestore */ = {
			isa = XCSwiftPackageProductDependency;
			package = 2EF1F9102C598A5A00B43235 /* XCRemoteSwiftPackageReference "firebase-ios-sdk" */;
			productName = FirebaseFirestore;
		};
		F95C14382C5AD69F00B40321 /* FirebaseFirestoreSwift */ = {
			isa = XCSwiftPackageProductDependency;
			package = 2EF1F9102C598A5A00B43235 /* XCRemoteSwiftPackageReference "firebase-ios-sdk" */;
			productName = FirebaseFirestoreSwift;
		};
		F9EAF9792C5D537D00E59459 /* CodableExtensions */ = {
			isa = XCSwiftPackageProductDependency;
			package = F9EAF9782C5D537D00E59459 /* XCRemoteSwiftPackageReference "CodableExtensions" */;
			productName = CodableExtensions;
		};
/* End XCSwiftPackageProductDependency section */
	};
	rootObject = 2EF1F8D82C595EF400B43235 /* Project object */;
}
